
Microsoft Visual Studio Solution File, Format Version 12.00
# Visual Studio Version 17
VisualStudioVersion = 17.0.31612.314
MinimumVisualStudioVersion = 10.0.40219.1
Project("{FAE04EC0-301F-11D3-BF4B-00C04F79EFBC}") = "LoginForm", "LoginForm\LoginForm.csproj", "{97778B76-87BA-4D2B-A6EB-1BD489E181C7}"
EndProject
Global
	GlobalSection(SolutionConfigurationPlatforms) = preSolution
		Debug|Any CPU = Debug|Any CPU
		Release|Any CPU = Release|Any CPU
	EndGlobalSection
	GlobalSection(ProjectConfigurationPlatforms) = postSolution
		{97778B76-87BA-4D2B-A6EB-1BD489E181C7}.Debug|Any CPU.ActiveCfg = Debug|Any CPU
		{97778B76-87BA-4D2B-A6EB-1BD489E181C7}.Debug|Any CPU.Build.0 = Debug|Any CPU
		{97778B76-87BA-4D2B-A6EB-1BD489E181C7}.Release|Any CPU.ActiveCfg = Release|Any CPU
		{97778B76-87BA-4D2B-A6EB-1BD489E181C7}.Release|Any CPU.Build.0 = Release|Any CPU
	EndGlobalSection
	GlobalSection(SolutionProperties) = preSolution
		HideSolutionNode = FALSE
	EndGlobalSection
	GlobalSection(ExtensibilityGlobals) = postSolution
		SolutionGuid = {26B3FC06-14B3-4E94-A961-4C700B43AC19}
	EndGlobalSection
EndGlobal
